
Microsoft Visual Studio Solution File, Format Version 12.00
# Visual Studio 2012
Project("{FAE04EC0-301F-11D3-BF4B-00C04F79EFBC}") = "CortexWebApiServer", "CortexWebApiServer.csproj", "{66131EF7-E4C3-48DD-AC00-2DE8ECE3F87B}"
EndProject
Project("{2150E333-8FDC-42A3-9474-1A3956D46DE8}") = ".nuget", ".nuget", "{F099BFC6-6CB1-408E-9C4B-E01936F5BA43}"
	ProjectSection(SolutionItems) = preProject
		.nuget\NuGet.Config = .nuget\NuGet.Config
		.nuget\NuGet.exe = .nuget\NuGet.exe
		.nuget\NuGet.targets = .nuget\NuGet.targets
	EndProjectSection
EndProject
Global
	GlobalSection(SolutionConfigurationPlatforms) = preSolution
		Debug|Any CPU = Debug|Any CPU
		Release|Any CPU = Release|Any CPU
	EndGlobalSection
	GlobalSection(ProjectConfigurationPlatforms) = postSolution
		{66131EF7-E4C3-48DD-AC00-2DE8ECE3F87B}.Debug|Any CPU.ActiveCfg = Debug|Any CPU
		{66131EF7-E4C3-48DD-AC00-2DE8ECE3F87B}.Debug|Any CPU.Build.0 = Debug|Any CPU
		{66131EF7-E4C3-48DD-AC00-2DE8ECE3F87B}.Release|Any CPU.ActiveCfg = Release|Any CPU
		{66131EF7-E4C3-48DD-AC00-2DE8ECE3F87B}.Release|Any CPU.Build.0 = Release|Any CPU
	EndGlobalSection
	GlobalSection(SolutionProperties) = preSolution
		HideSolutionNode = FALSE
	EndGlobalSection
EndGlobal
